// !$*UTF8*$!
{
	archiveVersion = 1;
	classes = {
	};
	objectVersion = 50;
	objects = {

/* Begin PBXBuildFile section */
		E805A6EC2139CBAF0047CBC6 /* TableViewSectionUpdater.swift in Sources */ = {isa = PBXBuildFile; fileRef = E805A6EB2139CBAE0047CBC6 /* TableViewSectionUpdater.swift */; };
		E805A6EE2139CE2B0047CBC6 /* SearchResultsTableViewUpdater.swift in Sources */ = {isa = PBXBuildFile; fileRef = E805A6ED2139CE2B0047CBC6 /* SearchResultsTableViewUpdater.swift */; };
		E86C95EC213A2370007236C1 /* DuckDuckGoResultsUpdater.swift in Sources */ = {isa = PBXBuildFile; fileRef = E86C95EB213A2370007236C1 /* DuckDuckGoResultsUpdater.swift */; };
		E86E3595213243090046E9F8 /* UIView+IBDesignable.swift in Sources */ = {isa = PBXBuildFile; fileRef = E86E3594213243090046E9F8 /* UIView+IBDesignable.swift */; };
		E86E3597213246400046E9F8 /* SQLiteCollectionViewDatasource.swift in Sources */ = {isa = PBXBuildFile; fileRef = E86E35962132463F0046E9F8 /* SQLiteCollectionViewDatasource.swift */; };
		E86E359921324B2A0046E9F8 /* UIImageViewAligned.swift in Sources */ = {isa = PBXBuildFile; fileRef = E86E359821324B2A0046E9F8 /* UIImageViewAligned.swift */; };
		E86E359B21324B550046E9F8 /* TintedLabel.swift in Sources */ = {isa = PBXBuildFile; fileRef = E86E359A21324B550046E9F8 /* TintedLabel.swift */; };
		E86E359F21325DBA0046E9F8 /* UICollectionView+AutoSizing.swift in Sources */ = {isa = PBXBuildFile; fileRef = E86E359E21325DBA0046E9F8 /* UICollectionView+AutoSizing.swift */; };
		E86E35A121332A530046E9F8 /* DateLabel.swift in Sources */ = {isa = PBXBuildFile; fileRef = E86E35A021332A520046E9F8 /* DateLabel.swift */; };
		E86E35B1213345770046E9F8 /* SQLiteDecoderFunctions.swift in Sources */ = {isa = PBXBuildFile; fileRef = E86E35A4213345760046E9F8 /* SQLiteDecoderFunctions.swift */; };
		E86E35B2213345770046E9F8 /* SQLiteDecoder.swift in Sources */ = {isa = PBXBuildFile; fileRef = E86E35A5213345760046E9F8 /* SQLiteDecoder.swift */; };
		E86E35B3213345770046E9F8 /* SQLiteQueryDecoder.swift in Sources */ = {isa = PBXBuildFile; fileRef = E86E35A6213345760046E9F8 /* SQLiteQueryDecoder.swift */; };
		E86E35B4213345770046E9F8 /* SQLiteRowDecoder.swift in Sources */ = {isa = PBXBuildFile; fileRef = E86E35A7213345760046E9F8 /* SQLiteRowDecoder.swift */; };
		E86E35B5213345770046E9F8 /* SQLiteValueDecoder.swift in Sources */ = {isa = PBXBuildFile; fileRef = E86E35A8213345760046E9F8 /* SQLiteValueDecoder.swift */; };
		E86E35B7213345770046E9F8 /* SQLiteQuery.swift in Sources */ = {isa = PBXBuildFile; fileRef = E86E35AB213345760046E9F8 /* SQLiteQuery.swift */; };
		E86E35B8213345770046E9F8 /* SQLiteQuery+NSValue.swift in Sources */ = {isa = PBXBuildFile; fileRef = E86E35AC213345760046E9F8 /* SQLiteQuery+NSValue.swift */; };
		E86E35B9213345770046E9F8 /* SQLiteSectionedTableViewDatasource.swift in Sources */ = {isa = PBXBuildFile; fileRef = E86E35AD213345760046E9F8 /* SQLiteSectionedTableViewDatasource.swift */; };
		E86E35BA213345770046E9F8 /* SQLiteTableViewDataSource.swift in Sources */ = {isa = PBXBuildFile; fileRef = E86E35AE213345760046E9F8 /* SQLiteTableViewDataSource.swift */; };
		E86E35BB213345770046E9F8 /* SQLiteWindow+Schemas.swift in Sources */ = {isa = PBXBuildFile; fileRef = E86E35AF213345760046E9F8 /* SQLiteWindow+Schemas.swift */; };
		E86E35BC213345770046E9F8 /* SQLiteWindow.swift in Sources */ = {isa = PBXBuildFile; fileRef = E86E35B0213345760046E9F8 /* SQLiteWindow.swift */; };
		E86E35BF213484130046E9F8 /* Tabs.storyboard in Resources */ = {isa = PBXBuildFile; fileRef = E86E35BD213484130046E9F8 /* Tabs.storyboard */; };
		E86E35C22134849C0046E9F8 /* Resume.storyboard in Resources */ = {isa = PBXBuildFile; fileRef = E86E35C02134849C0046E9F8 /* Resume.storyboard */; };
		E86E35C5213485130046E9F8 /* Browse.storyboard in Resources */ = {isa = PBXBuildFile; fileRef = E86E35C3213485130046E9F8 /* Browse.storyboard */; };
		E86E35C82134862A0046E9F8 /* Search.storyboard in Resources */ = {isa = PBXBuildFile; fileRef = E86E35C62134862A0046E9F8 /* Search.storyboard */; };
		E86E35CB2134863F0046E9F8 /* Shortcuts.storyboard in Resources */ = {isa = PBXBuildFile; fileRef = E86E35C92134863F0046E9F8 /* Shortcuts.storyboard */; };
		E86E35D02134F1390046E9F8 /* SearchControllerNavigationItem.swift in Sources */ = {isa = PBXBuildFile; fileRef = E86E35CF2134F1390046E9F8 /* SearchControllerNavigationItem.swift */; };
		E86E35DB2135E0880046E9F8 /* LUNTabBarController.m in Sources */ = {isa = PBXBuildFile; fileRef = E86E35D42135E0880046E9F8 /* LUNTabBarController.m */; settings = {COMPILER_FLAGS = "-Wno-documentation"; }; };
		E86E35DC2135E0880046E9F8 /* LUNTabBarAnimationController.m in Sources */ = {isa = PBXBuildFile; fileRef = E86E35D72135E0880046E9F8 /* LUNTabBarAnimationController.m */; settings = {COMPILER_FLAGS = "-Wno-documentation"; }; };
		E86E35DF2135E8AC0046E9F8 /* ApplicationTabBarController.m in Sources */ = {isa = PBXBuildFile; fileRef = E86E35DE2135E8AC0046E9F8 /* ApplicationTabBarController.m */; settings = {COMPILER_FLAGS = "-Wno-documentation"; }; };
		E86E35E121363C6E0046E9F8 /* WebSearchResultsUpdater.swift in Sources */ = {isa = PBXBuildFile; fileRef = E86E35E021363C6E0046E9F8 /* WebSearchResultsUpdater.swift */; };
		E89BDF67212905F90066D930 /* Schemas.xcassets in Resources */ = {isa = PBXBuildFile; fileRef = E89BDF66212905F90066D930 /* Schemas.xcassets */; };
		E89BDF7A212A83D40066D930 /* NestedExtendedDiff.swift in Sources */ = {isa = PBXBuildFile; fileRef = E89BDF6B212A83D40066D930 /* NestedExtendedDiff.swift */; };
		E89BDF7B212A83D40066D930 /* ExtendedPatch.swift in Sources */ = {isa = PBXBuildFile; fileRef = E89BDF6C212A83D40066D930 /* ExtendedPatch.swift */; };
		E89BDF7C212A83D40066D930 /* ExtendedDiff.swift in Sources */ = {isa = PBXBuildFile; fileRef = E89BDF6D212A83D40066D930 /* ExtendedDiff.swift */; };
		E89BDF7D212A83D40066D930 /* Diff+UIKit.swift in Sources */ = {isa = PBXBuildFile; fileRef = E89BDF6E212A83D40066D930 /* Diff+UIKit.swift */; };
		E89BDF7E212A83D40066D930 /* Diff.swift in Sources */ = {isa = PBXBuildFile; fileRef = E89BDF6F212A83D40066D930 /* Diff.swift */; };
		E89BDF7F212A83D40066D930 /* NestedDiff.swift in Sources */ = {isa = PBXBuildFile; fileRef = E89BDF70212A83D40066D930 /* NestedDiff.swift */; };
		E89BDF80212A83D40066D930 /* GenericPatch.swift in Sources */ = {isa = PBXBuildFile; fileRef = E89BDF71212A83D40066D930 /* GenericPatch.swift */; };
		E89BDF81212A83D40066D930 /* Patch.swift in Sources */ = {isa = PBXBuildFile; fileRef = E89BDF72212A83D40066D930 /* Patch.swift */; };
		E89BDF83212A83D40066D930 /* NestedBatchUpdate.swift in Sources */ = {isa = PBXBuildFile; fileRef = E89BDF74212A83D40066D930 /* NestedBatchUpdate.swift */; };
		E89BDF84212A83D40066D930 /* BatchUpdate.swift in Sources */ = {isa = PBXBuildFile; fileRef = E89BDF75212A83D40066D930 /* BatchUpdate.swift */; };
		E89BDF85212A83D40066D930 /* Patch+Apply.swift in Sources */ = {isa = PBXBuildFile; fileRef = E89BDF76212A83D40066D930 /* Patch+Apply.swift */; };
		E89BDF86212A83D40066D930 /* Patch+Sort.swift in Sources */ = {isa = PBXBuildFile; fileRef = E89BDF77212A83D40066D930 /* Patch+Sort.swift */; };
		E89BDF87212A83D40066D930 /* ExtendedPatch+Apply.swift in Sources */ = {isa = PBXBuildFile; fileRef = E89BDF78212A83D40066D930 /* ExtendedPatch+Apply.swift */; };
		E89BDF88212A83D40066D930 /* LinkedList.swift in Sources */ = {isa = PBXBuildFile; fileRef = E89BDF79212A83D40066D930 /* LinkedList.swift */; };
		E8BB26852130CF2E00F13A4F /* Settings.bundle in Resources */ = {isa = PBXBuildFile; fileRef = E8BB26842130CF2E00F13A4F /* Settings.bundle */; };
		E8D52CA52127D2D6003BE5CC /* ApplicationDelegate.swift in Sources */ = {isa = PBXBuildFile; fileRef = E8D52CA42127D2D6003BE5CC /* ApplicationDelegate.swift */; };
		E8D52CAA2127D2D6003BE5CC /* Main.storyboard in Resources */ = {isa = PBXBuildFile; fileRef = E8D52CA82127D2D6003BE5CC /* Main.storyboard */; };
		E8D52CAC2127D2D7003BE5CC /* Assets.xcassets in Resources */ = {isa = PBXBuildFile; fileRef = E8D52CAB2127D2D7003BE5CC /* Assets.xcassets */; };
		E8D52CAF2127D2D7003BE5CC /* LaunchScreen.storyboard in Resources */ = {isa = PBXBuildFile; fileRef = E8D52CAD2127D2D7003BE5CC /* LaunchScreen.storyboard */; };
		E8D52CC22127D821003BE5CC /* sqlite3.c in Sources */ = {isa = PBXBuildFile; fileRef = E8D52CC12127D821003BE5CC /* sqlite3.c */; settings = {COMPILER_FLAGS = "-w -DSQLITE_ENABLE_COLUMN_METADATA"; }; };
/* End PBXBuildFile section */

/* Begin PBXFileReference section */
		E805A6EB2139CBAE0047CBC6 /* TableViewSectionUpdater.swift */ = {isa = PBXFileReference; lastKnownFileType = sourcecode.swift; path = TableViewSectionUpdater.swift; sourceTree = "<group>"; };
		E805A6ED2139CE2B0047CBC6 /* SearchResultsTableViewUpdater.swift */ = {isa = PBXFileReference; lastKnownFileType = sourcecode.swift; path = SearchResultsTableViewUpdater.swift; sourceTree = "<group>"; };
		E86C95EB213A2370007236C1 /* DuckDuckGoResultsUpdater.swift */ = {isa = PBXFileReference; lastKnownFileType = sourcecode.swift; path = DuckDuckGoResultsUpdater.swift; sourceTree = "<group>"; };
		E86E3594213243090046E9F8 /* UIView+IBDesignable.swift */ = {isa = PBXFileReference; fileEncoding = 4; lastKnownFileType = sourcecode.swift; name = "UIView+IBDesignable.swift"; path = "Application/UIView+IBDesignable.swift"; sourceTree = "<group>"; };
		E86E35962132463F0046E9F8 /* SQLiteCollectionViewDatasource.swift */ = {isa = PBXFileReference; fileEncoding = 4; lastKnownFileType = sourcecode.swift; path = SQLiteCollectionViewDatasource.swift; sourceTree = "<group>"; };
		E86E359821324B2A0046E9F8 /* UIImageViewAligned.swift */ = {isa = PBXFileReference; fileEncoding = 4; lastKnownFileType = sourcecode.swift; name = UIImageViewAligned.swift; path = Application/UIImageViewAligned.swift; sourceTree = "<group>"; };
		E86E359A21324B550046E9F8 /* TintedLabel.swift */ = {isa = PBXFileReference; fileEncoding = 4; lastKnownFileType = sourcecode.swift; name = TintedLabel.swift; path = Application/TintedLabel.swift; sourceTree = "<group>"; };
		E86E359E21325DBA0046E9F8 /* UICollectionView+AutoSizing.swift */ = {isa = PBXFileReference; lastKnownFileType = sourcecode.swift; path = "UICollectionView+AutoSizing.swift"; sourceTree = "<group>"; };
		E86E35A021332A520046E9F8 /* DateLabel.swift */ = {isa = PBXFileReference; fileEncoding = 4; lastKnownFileType = sourcecode.swift; name = DateLabel.swift; path = Application/DateLabel.swift; sourceTree = "<group>"; };
		E86E35A4213345760046E9F8 /* SQLiteDecoderFunctions.swift */ = {isa = PBXFileReference; fileEncoding = 4; lastKnownFileType = sourcecode.swift; path = SQLiteDecoderFunctions.swift; sourceTree = "<group>"; };
		E86E35A5213345760046E9F8 /* SQLiteDecoder.swift */ = {isa = PBXFileReference; fileEncoding = 4; lastKnownFileType = sourcecode.swift; path = SQLiteDecoder.swift; sourceTree = "<group>"; };
		E86E35A6213345760046E9F8 /* SQLiteQueryDecoder.swift */ = {isa = PBXFileReference; fileEncoding = 4; lastKnownFileType = sourcecode.swift; path = SQLiteQueryDecoder.swift; sourceTree = "<group>"; };
		E86E35A7213345760046E9F8 /* SQLiteRowDecoder.swift */ = {isa = PBXFileReference; fileEncoding = 4; lastKnownFileType = sourcecode.swift; path = SQLiteRowDecoder.swift; sourceTree = "<group>"; };
		E86E35A8213345760046E9F8 /* SQLiteValueDecoder.swift */ = {isa = PBXFileReference; fileEncoding = 4; lastKnownFileType = sourcecode.swift; path = SQLiteValueDecoder.swift; sourceTree = "<group>"; };
		E86E35AB213345760046E9F8 /* SQLiteQuery.swift */ = {isa = PBXFileReference; fileEncoding = 4; lastKnownFileType = sourcecode.swift; path = SQLiteQuery.swift; sourceTree = "<group>"; };
		E86E35AC213345760046E9F8 /* SQLiteQuery+NSValue.swift */ = {isa = PBXFileReference; fileEncoding = 4; lastKnownFileType = sourcecode.swift; path = "SQLiteQuery+NSValue.swift"; sourceTree = "<group>"; };
		E86E35AD213345760046E9F8 /* SQLiteSectionedTableViewDatasource.swift */ = {isa = PBXFileReference; fileEncoding = 4; lastKnownFileType = sourcecode.swift; path = SQLiteSectionedTableViewDatasource.swift; sourceTree = "<group>"; };
		E86E35AE213345760046E9F8 /* SQLiteTableViewDataSource.swift */ = {isa = PBXFileReference; fileEncoding = 4; lastKnownFileType = sourcecode.swift; path = SQLiteTableViewDataSource.swift; sourceTree = "<group>"; };
		E86E35AF213345760046E9F8 /* SQLiteWindow+Schemas.swift */ = {isa = PBXFileReference; fileEncoding = 4; lastKnownFileType = sourcecode.swift; path = "SQLiteWindow+Schemas.swift"; sourceTree = "<group>"; };
		E86E35B0213345760046E9F8 /* SQLiteWindow.swift */ = {isa = PBXFileReference; fileEncoding = 4; lastKnownFileType = sourcecode.swift; path = SQLiteWindow.swift; sourceTree = "<group>"; };
		E86E35BE213484130046E9F8 /* Base */ = {isa = PBXFileReference; lastKnownFileType = file.storyboard; name = Base; path = Base.lproj/Tabs.storyboard; sourceTree = "<group>"; };
		E86E35C12134849C0046E9F8 /* Base */ = {isa = PBXFileReference; lastKnownFileType = file.storyboard; name = Base; path = Base.lproj/Resume.storyboard; sourceTree = "<group>"; };
		E86E35C4213485130046E9F8 /* Base */ = {isa = PBXFileReference; lastKnownFileType = file.storyboard; name = Base; path = Base.lproj/Browse.storyboard; sourceTree = "<group>"; };
		E86E35C72134862A0046E9F8 /* Base */ = {isa = PBXFileReference; lastKnownFileType = file.storyboard; name = Base; path = Base.lproj/Search.storyboard; sourceTree = "<group>"; };
		E86E35CA2134863F0046E9F8 /* Base */ = {isa = PBXFileReference; lastKnownFileType = file.storyboard; name = Base; path = Base.lproj/Shortcuts.storyboard; sourceTree = "<group>"; };
		E86E35CF2134F1390046E9F8 /* SearchControllerNavigationItem.swift */ = {isa = PBXFileReference; fileEncoding = 4; lastKnownFileType = sourcecode.swift; name = SearchControllerNavigationItem.swift; path = Application/SearchControllerNavigationItem.swift; sourceTree = "<group>"; };
		E86E35D32135E0880046E9F8 /* LUNTabBarController.h */ = {isa = PBXFileReference; fileEncoding = 4; lastKnownFileType = sourcecode.c.h; path = LUNTabBarController.h; sourceTree = "<group>"; };
		E86E35D42135E0880046E9F8 /* LUNTabBarController.m */ = {isa = PBXFileReference; fileEncoding = 4; lastKnownFileType = sourcecode.c.objc; path = LUNTabBarController.m; sourceTree = "<group>"; };
		E86E35D62135E0880046E9F8 /* LUNTabBarAnimationController.h */ = {isa = PBXFileReference; fileEncoding = 4; lastKnownFileType = sourcecode.c.h; path = LUNTabBarAnimationController.h; sourceTree = "<group>"; };
		E86E35D72135E0880046E9F8 /* LUNTabBarAnimationController.m */ = {isa = PBXFileReference; fileEncoding = 4; lastKnownFileType = sourcecode.c.objc; path = LUNTabBarAnimationController.m; sourceTree = "<group>"; };
		E86E35D82135E0880046E9F8 /* LUNTabBarAnimationController+Private.h */ = {isa = PBXFileReference; fileEncoding = 4; lastKnownFileType = sourcecode.c.h; path = "LUNTabBarAnimationController+Private.h"; sourceTree = "<group>"; };
		E86E35DA2135E0880046E9F8 /* LUNTabBarFloatingControllerAnimatedTransitioning.h */ = {isa = PBXFileReference; fileEncoding = 4; lastKnownFileType = sourcecode.c.h; path = LUNTabBarFloatingControllerAnimatedTransitioning.h; sourceTree = "<group>"; };
		E86E35DE2135E8AC0046E9F8 /* ApplicationTabBarController.m */ = {isa = PBXFileReference; lastKnownFileType = sourcecode.c.objc; path = ApplicationTabBarController.m; sourceTree = "<group>"; };
		E86E35E021363C6E0046E9F8 /* WebSearchResultsUpdater.swift */ = {isa = PBXFileReference; lastKnownFileType = sourcecode.swift; path = WebSearchResultsUpdater.swift; sourceTree = "<group>"; };
		E89BDF66212905F90066D930 /* Schemas.xcassets */ = {isa = PBXFileReference; lastKnownFileType = folder.assetcatalog; path = Schemas.xcassets; sourceTree = "<group>"; };
		E89BDF6B212A83D40066D930 /* NestedExtendedDiff.swift */ = {isa = PBXFileReference; fileEncoding = 4; lastKnownFileType = sourcecode.swift; path = NestedExtendedDiff.swift; sourceTree = "<group>"; };
		E89BDF6C212A83D40066D930 /* ExtendedPatch.swift */ = {isa = PBXFileReference; fileEncoding = 4; lastKnownFileType = sourcecode.swift; path = ExtendedPatch.swift; sourceTree = "<group>"; };
		E89BDF6D212A83D40066D930 /* ExtendedDiff.swift */ = {isa = PBXFileReference; fileEncoding = 4; lastKnownFileType = sourcecode.swift; path = ExtendedDiff.swift; sourceTree = "<group>"; };
		E89BDF6E212A83D40066D930 /* Diff+UIKit.swift */ = {isa = PBXFileReference; fileEncoding = 4; lastKnownFileType = sourcecode.swift; path = "Diff+UIKit.swift"; sourceTree = "<group>"; };
		E89BDF6F212A83D40066D930 /* Diff.swift */ = {isa = PBXFileReference; fileEncoding = 4; lastKnownFileType = sourcecode.swift; path = Diff.swift; sourceTree = "<group>"; };
		E89BDF70212A83D40066D930 /* NestedDiff.swift */ = {isa = PBXFileReference; fileEncoding = 4; lastKnownFileType = sourcecode.swift; path = NestedDiff.swift; sourceTree = "<group>"; };
		E89BDF71212A83D40066D930 /* GenericPatch.swift */ = {isa = PBXFileReference; fileEncoding = 4; lastKnownFileType = sourcecode.swift; path = GenericPatch.swift; sourceTree = "<group>"; };
		E89BDF72212A83D40066D930 /* Patch.swift */ = {isa = PBXFileReference; fileEncoding = 4; lastKnownFileType = sourcecode.swift; path = Patch.swift; sourceTree = "<group>"; };
		E89BDF73212A83D40066D930 /* Diff+AppKit.swift */ = {isa = PBXFileReference; fileEncoding = 4; lastKnownFileType = sourcecode.swift; path = "Diff+AppKit.swift"; sourceTree = "<group>"; };
		E89BDF74212A83D40066D930 /* NestedBatchUpdate.swift */ = {isa = PBXFileReference; fileEncoding = 4; lastKnownFileType = sourcecode.swift; path = NestedBatchUpdate.swift; sourceTree = "<group>"; };
		E89BDF75212A83D40066D930 /* BatchUpdate.swift */ = {isa = PBXFileReference; fileEncoding = 4; lastKnownFileType = sourcecode.swift; path = BatchUpdate.swift; sourceTree = "<group>"; };
		E89BDF76212A83D40066D930 /* Patch+Apply.swift */ = {isa = PBXFileReference; fileEncoding = 4; lastKnownFileType = sourcecode.swift; path = "Patch+Apply.swift"; sourceTree = "<group>"; };
		E89BDF77212A83D40066D930 /* Patch+Sort.swift */ = {isa = PBXFileReference; fileEncoding = 4; lastKnownFileType = sourcecode.swift; path = "Patch+Sort.swift"; sourceTree = "<group>"; };
		E89BDF78212A83D40066D930 /* ExtendedPatch+Apply.swift */ = {isa = PBXFileReference; fileEncoding = 4; lastKnownFileType = sourcecode.swift; path = "ExtendedPatch+Apply.swift"; sourceTree = "<group>"; };
		E89BDF79212A83D40066D930 /* LinkedList.swift */ = {isa = PBXFileReference; fileEncoding = 4; lastKnownFileType = sourcecode.swift; path = LinkedList.swift; sourceTree = "<group>"; };
		E8BB26842130CF2E00F13A4F /* Settings.bundle */ = {isa = PBXFileReference; lastKnownFileType = "wrapper.plug-in"; path = Settings.bundle; sourceTree = "<group>"; };
		E8D52CA12127D2D6003BE5CC /* MVVM.app */ = {isa = PBXFileReference; explicitFileType = wrapper.application; includeInIndex = 0; path = MVVM.app; sourceTree = BUILT_PRODUCTS_DIR; };
		E8D52CA42127D2D6003BE5CC /* ApplicationDelegate.swift */ = {isa = PBXFileReference; lastKnownFileType = sourcecode.swift; path = ApplicationDelegate.swift; sourceTree = "<group>"; };
		E8D52CA92127D2D6003BE5CC /* Base */ = {isa = PBXFileReference; lastKnownFileType = file.storyboard; name = Base; path = Base.lproj/Main.storyboard; sourceTree = "<group>"; };
		E8D52CAB2127D2D7003BE5CC /* Assets.xcassets */ = {isa = PBXFileReference; lastKnownFileType = folder.assetcatalog; path = Assets.xcassets; sourceTree = "<group>"; };
		E8D52CAE2127D2D7003BE5CC /* Base */ = {isa = PBXFileReference; lastKnownFileType = file.storyboard; name = Base; path = Base.lproj/LaunchScreen.storyboard; sourceTree = "<group>"; };
		E8D52CB02127D2D7003BE5CC /* Info.plist */ = {isa = PBXFileReference; lastKnownFileType = text.plist.xml; path = Info.plist; sourceTree = "<group>"; };
		E8D52CBF2127D816003BE5CC /* sqlite3.h */ = {isa = PBXFileReference; lastKnownFileType = sourcecode.c.h; path = sqlite3.h; sourceTree = "<group>"; };
		E8D52CC02127D821003BE5CC /* ApplicationBridging.h */ = {isa = PBXFileReference; lastKnownFileType = sourcecode.c.h; path = ApplicationBridging.h; sourceTree = "<group>"; };
		E8D52CC12127D821003BE5CC /* sqlite3.c */ = {isa = PBXFileReference; fileEncoding = 4; lastKnownFileType = sourcecode.c.c; path = sqlite3.c; sourceTree = "<group>"; };
/* End PBXFileReference section */

/* Begin PBXFrameworksBuildPhase section */
		E8D52C9E2127D2D6003BE5CC /* Frameworks */ = {
			isa = PBXFrameworksBuildPhase;
			buildActionMask = 2147483647;
			files = (
			);
			runOnlyForDeploymentPostprocessing = 0;
		};
/* End PBXFrameworksBuildPhase section */

/* Begin PBXGroup section */
		E805A6EF2139CED60047CBC6 /* Search */ = {
			isa = PBXGroup;
			children = (
				E805A6ED2139CE2B0047CBC6 /* SearchResultsTableViewUpdater.swift */,
				E86E35E021363C6E0046E9F8 /* WebSearchResultsUpdater.swift */,
				E86C95EB213A2370007236C1 /* DuckDuckGoResultsUpdater.swift */,
				E805A6EB2139CBAE0047CBC6 /* TableViewSectionUpdater.swift */,
			);
			name = Search;
			sourceTree = "<group>";
		};
		E83179B3213242A400C594E4 /* Extensions */ = {
			isa = PBXGroup;
			children = (
				E86E35A021332A520046E9F8 /* DateLabel.swift */,
				E86E359A21324B550046E9F8 /* TintedLabel.swift */,
				E86E359821324B2A0046E9F8 /* UIImageViewAligned.swift */,
				E86E3594213243090046E9F8 /* UIView+IBDesignable.swift */,
				E86E359E21325DBA0046E9F8 /* UICollectionView+AutoSizing.swift */,
				E86E35CF2134F1390046E9F8 /* SearchControllerNavigationItem.swift */,
			);
			name = Extensions;
			path = ..;
			sourceTree = "<group>";
		};
		E86E3593213242E40046E9F8 /* Supporting File */ = {
			isa = PBXGroup;
			children = (
				E8D52CAB2127D2D7003BE5CC /* Assets.xcassets */,
				E89BDF66212905F90066D930 /* Schemas.xcassets */,
				E8D52CAD2127D2D7003BE5CC /* LaunchScreen.storyboard */,
				E8D52CA82127D2D6003BE5CC /* Main.storyboard */,
				E86E35BD213484130046E9F8 /* Tabs.storyboard */,
				E86E35C02134849C0046E9F8 /* Resume.storyboard */,
				E86E35C3213485130046E9F8 /* Browse.storyboard */,
				E86E35C62134862A0046E9F8 /* Search.storyboard */,
				E86E35C92134863F0046E9F8 /* Shortcuts.storyboard */,
				E8D52CC02127D821003BE5CC /* ApplicationBridging.h */,
				E8D52CA42127D2D6003BE5CC /* ApplicationDelegate.swift */,
				E8D52CB02127D2D7003BE5CC /* Info.plist */,
				E8BB26842130CF2E00F13A4F /* Settings.bundle */,
			);
			name = "Supporting File";
			sourceTree = "<group>";
		};
		E86E35A2213345760046E9F8 /* Model View ViewModel */ = {
			isa = PBXGroup;
			children = (
				E86E35A3213345760046E9F8 /* Decoder */,
				E86E35AA213345760046E9F8 /* Bindings */,
			);
			path = "Model View ViewModel";
			sourceTree = "<group>";
		};
		E86E35A3213345760046E9F8 /* Decoder */ = {
			isa = PBXGroup;
			children = (
				E86E35A5213345760046E9F8 /* SQLiteDecoder.swift */,
				E86E35A4213345760046E9F8 /* SQLiteDecoderFunctions.swift */,
				E86E35A8213345760046E9F8 /* SQLiteValueDecoder.swift */,
				E86E35A7213345760046E9F8 /* SQLiteRowDecoder.swift */,
				E86E35A6213345760046E9F8 /* SQLiteQueryDecoder.swift */,
			);
			path = Decoder;
			sourceTree = "<group>";
		};
		E86E35AA213345760046E9F8 /* Bindings */ = {
			isa = PBXGroup;
			children = (
				E86E35B0213345760046E9F8 /* SQLiteWindow.swift */,
				E86E35AF213345760046E9F8 /* SQLiteWindow+Schemas.swift */,
				E86E35AB213345760046E9F8 /* SQLiteQuery.swift */,
				E86E35AC213345760046E9F8 /* SQLiteQuery+NSValue.swift */,
				E86E35AE213345760046E9F8 /* SQLiteTableViewDataSource.swift */,
				E86E35AD213345760046E9F8 /* SQLiteSectionedTableViewDatasource.swift */,
				E86E35962132463F0046E9F8 /* SQLiteCollectionViewDatasource.swift */,
			);
			path = Bindings;
			sourceTree = "<group>";
		};
		E86E35D12135E0880046E9F8 /* LUNTabBarController */ = {
			isa = PBXGroup;
			children = (
				E86E35D22135E0880046E9F8 /* LUNTabBarController */,
				E86E35D52135E0880046E9F8 /* LUNTabBarAnimationController */,
				E86E35D92135E0880046E9F8 /* LUNTabBarFloatingControllerAnimatedTransitioning */,
			);
			name = LUNTabBarController;
			path = LUNTabBarController/LUNTabBarController;
			sourceTree = "<group>";
		};
		E86E35D22135E0880046E9F8 /* LUNTabBarController */ = {
			isa = PBXGroup;
			children = (
				E86E35D32135E0880046E9F8 /* LUNTabBarController.h */,
				E86E35D42135E0880046E9F8 /* LUNTabBarController.m */,
			);
			path = LUNTabBarController;
			sourceTree = "<group>";
		};
		E86E35D52135E0880046E9F8 /* LUNTabBarAnimationController */ = {
			isa = PBXGroup;
			children = (
				E86E35D62135E0880046E9F8 /* LUNTabBarAnimationController.h */,
				E86E35D72135E0880046E9F8 /* LUNTabBarAnimationController.m */,
				E86E35D82135E0880046E9F8 /* LUNTabBarAnimationController+Private.h */,
			);
			path = LUNTabBarAnimationController;
			sourceTree = "<group>";
		};
		E86E35D92135E0880046E9F8 /* LUNTabBarFloatingControllerAnimatedTransitioning */ = {
			isa = PBXGroup;
			children = (
				E86E35DA2135E0880046E9F8 /* LUNTabBarFloatingControllerAnimatedTransitioning.h */,
			);
			path = LUNTabBarFloatingControllerAnimatedTransitioning;
			sourceTree = "<group>";
		};
		E89BDF6A212A83D40066D930 /* Differ */ = {
			isa = PBXGroup;
			children = (
				E89BDF6B212A83D40066D930 /* NestedExtendedDiff.swift */,
				E89BDF6C212A83D40066D930 /* ExtendedPatch.swift */,
				E89BDF6D212A83D40066D930 /* ExtendedDiff.swift */,
				E89BDF6E212A83D40066D930 /* Diff+UIKit.swift */,
				E89BDF6F212A83D40066D930 /* Diff.swift */,
				E89BDF70212A83D40066D930 /* NestedDiff.swift */,
				E89BDF71212A83D40066D930 /* GenericPatch.swift */,
				E89BDF72212A83D40066D930 /* Patch.swift */,
				E89BDF73212A83D40066D930 /* Diff+AppKit.swift */,
				E89BDF74212A83D40066D930 /* NestedBatchUpdate.swift */,
				E89BDF75212A83D40066D930 /* BatchUpdate.swift */,
				E89BDF76212A83D40066D930 /* Patch+Apply.swift */,
				E89BDF77212A83D40066D930 /* Patch+Sort.swift */,
				E89BDF78212A83D40066D930 /* ExtendedPatch+Apply.swift */,
				E89BDF79212A83D40066D930 /* LinkedList.swift */,
			);
			name = Differ;
			path = Differ/Sources/Differ;
			sourceTree = "<group>";
		};
		E8D52C982127D2D6003BE5CC = {
			isa = PBXGroup;
			children = (
				E8D52CA32127D2D6003BE5CC /* Application */,
				E86E35A2213345760046E9F8 /* Model View ViewModel */,
				E89BDF6A212A83D40066D930 /* Differ */,
				E86E35D12135E0880046E9F8 /* LUNTabBarController */,
				E8D52CB62127D7A1003BE5CC /* sqlite₃ */,
				E8D52CA22127D2D6003BE5CC /* Products */,
			);
			sourceTree = "<group>";
		};
		E8D52CA22127D2D6003BE5CC /* Products */ = {
			isa = PBXGroup;
			children = (
				E8D52CA12127D2D6003BE5CC /* MVVM.app */,
			);
			name = Products;
			sourceTree = "<group>";
		};
		E8D52CA32127D2D6003BE5CC /* Application */ = {
			isa = PBXGroup;
			children = (
				E86E3593213242E40046E9F8 /* Supporting File */,
				E83179B3213242A400C594E4 /* Extensions */,
				E805A6EF2139CED60047CBC6 /* Search */,
				E86E35DE2135E8AC0046E9F8 /* ApplicationTabBarController.m */,
			);
			path = Application;
			sourceTree = "<group>";
		};
		E8D52CB62127D7A1003BE5CC /* sqlite₃ */ = {
			isa = PBXGroup;
			children = (
				E8D52CBF2127D816003BE5CC /* sqlite3.h */,
				E8D52CC12127D821003BE5CC /* sqlite3.c */,
			);
			path = "sqlite₃";
			sourceTree = "<group>";
		};
/* End PBXGroup section */

/* Begin PBXNativeTarget section */
		E8D52CA02127D2D6003BE5CC /* MVVM */ = {
			isa = PBXNativeTarget;
			buildConfigurationList = E8D52CB32127D2D7003BE5CC /* Build configuration list for PBXNativeTarget "MVVM" */;
			buildPhases = (
				E8A72021212DF4F700FC2020 /* ShellScript */,
				E8D52C9D2127D2D6003BE5CC /* Sources */,
				E8D52C9E2127D2D6003BE5CC /* Frameworks */,
				E8D52C9F2127D2D6003BE5CC /* Resources */,
				E80327CA2131336200FD26C4 /* Run Script */,
			);
			buildRules = (
			);
			dependencies = (
			);
			name = MVVM;
			productName = MVVM;
			productReference = E8D52CA12127D2D6003BE5CC /* MVVM.app */;
			productType = "com.apple.product-type.application";
		};
/* End PBXNativeTarget section */

/* Begin PBXProject section */
		E8D52C992127D2D6003BE5CC /* Project object */ = {
			isa = PBXProject;
			attributes = {
				LastSwiftUpdateCheck = 0940;
				LastUpgradeCheck = 0940;
				ORGANIZATIONNAME = "Bryan Woods";
				TargetAttributes = {
					E8D52CA02127D2D6003BE5CC = {
						CreatedOnToolsVersion = 9.4.1;
						LastSwiftMigration = 0940;
					};
				};
			};
			buildConfigurationList = E8D52C9C2127D2D6003BE5CC /* Build configuration list for PBXProject "Application" */;
			compatibilityVersion = "Xcode 9.3";
			developmentRegion = en;
			hasScannedForEncodings = 0;
			knownRegions = (
				en,
				Base,
			);
			mainGroup = E8D52C982127D2D6003BE5CC;
			productRefGroup = E8D52CA22127D2D6003BE5CC /* Products */;
			projectDirPath = "";
			projectRoot = "";
			targets = (
				E8D52CA02127D2D6003BE5CC /* MVVM */,
			);
		};
/* End PBXProject section */

/* Begin PBXResourcesBuildPhase section */
		E8D52C9F2127D2D6003BE5CC /* Resources */ = {
			isa = PBXResourcesBuildPhase;
			buildActionMask = 2147483647;
			files = (
				E8D52CAC2127D2D7003BE5CC /* Assets.xcassets in Resources */,
				E89BDF67212905F90066D930 /* Schemas.xcassets in Resources */,
				E86E35C5213485130046E9F8 /* Browse.storyboard in Resources */,
				E8BB26852130CF2E00F13A4F /* Settings.bundle in Resources */,
				E86E35CB2134863F0046E9F8 /* Shortcuts.storyboard in Resources */,
				E86E35C82134862A0046E9F8 /* Search.storyboard in Resources */,
				E8D52CAF2127D2D7003BE5CC /* LaunchScreen.storyboard in Resources */,
				E86E35BF213484130046E9F8 /* Tabs.storyboard in Resources */,
				E86E35C22134849C0046E9F8 /* Resume.storyboard in Resources */,
				E8D52CAA2127D2D6003BE5CC /* Main.storyboard in Resources */,
			);
			runOnlyForDeploymentPostprocessing = 0;
		};
/* End PBXResourcesBuildPhase section */

/* Begin PBXShellScriptBuildPhase section */
		E80327CA2131336200FD26C4 /* Run Script */ = {
			isa = PBXShellScriptBuildPhase;
			buildActionMask = 2147483647;
			files = (
			);
			inputPaths = (
			);
			name = "Run Script";
			outputPaths = (
			);
			runOnlyForDeploymentPostprocessing = 0;
			shellPath = /bin/bash;
			shellScript = "# add the version info to the Settings.bundle\nGitVersion=$(git describe --dirty=+ --tags --always)\nCFBundleVersion=$(defaults read ${CODESIGNING_FOLDER_PATH}/Info CFBundleVersion)\nCFBundleShortVersionString=$(defaults read ${CODESIGNING_FOLDER_PATH}/Info CFBundleShortVersionString)\nplutil -insert PreferenceSpecifiers.0 -xml \"<dict><key>DefaultValue</key><string>${CFBundleShortVersionString}.${CFBundleVersion} (${GitVersion})</string><key>Key</key><string>Version</string><key>Title</key><string>Version</string><key>Type</key><string>PSTitleValueSpecifier</string></dict>\" ${CODESIGNING_FOLDER_PATH}/Settings.bundle/Root.plist\n\n# ensure the Settings.bundle has all the Open Source licenses\nenv -i swift Application/Acknowledgements.swift > $CODESIGNING_FOLDER_PATH/Settings.bundle/Acknowledgements.plist\n";
			showEnvVarsInLog = 0;
		};
		E8A72021212DF4F700FC2020 /* ShellScript */ = {
			isa = PBXShellScriptBuildPhase;
			buildActionMask = 2147483647;
			files = (
			);
			inputPaths = (
			);
			outputPaths = (
			);
			runOnlyForDeploymentPostprocessing = 0;
			shellPath = /bin/bash;
			shellScript = "# Since these assets are edited externally, make Xcode always rebuild them…\nfind ${SRCROOT}/Application/Schemas.xcassets -exec touch {} \\;";
			showEnvVarsInLog = 0;
		};
/* End PBXShellScriptBuildPhase section */

/* Begin PBXSourcesBuildPhase section */
		E8D52C9D2127D2D6003BE5CC /* Sources */ = {
			isa = PBXSourcesBuildPhase;
			buildActionMask = 2147483647;
			files = (
				E8D52CC22127D821003BE5CC /* sqlite3.c in Sources */,
				E89BDF7E212A83D40066D930 /* Diff.swift in Sources */,
				E89BDF81212A83D40066D930 /* Patch.swift in Sources */,
				E89BDF7D212A83D40066D930 /* Diff+UIKit.swift in Sources */,
				E89BDF88212A83D40066D930 /* LinkedList.swift in Sources */,
				E89BDF7F212A83D40066D930 /* NestedDiff.swift in Sources */,
				E89BDF86212A83D40066D930 /* Patch+Sort.swift in Sources */,
				E89BDF84212A83D40066D930 /* BatchUpdate.swift in Sources */,
				E89BDF85212A83D40066D930 /* Patch+Apply.swift in Sources */,
				E89BDF7C212A83D40066D930 /* ExtendedDiff.swift in Sources */,
				E89BDF80212A83D40066D930 /* GenericPatch.swift in Sources */,
				E89BDF7B212A83D40066D930 /* ExtendedPatch.swift in Sources */,
				E89BDF83212A83D40066D930 /* NestedBatchUpdate.swift in Sources */,
				E89BDF7A212A83D40066D930 /* NestedExtendedDiff.swift in Sources */,
				E89BDF87212A83D40066D930 /* ExtendedPatch+Apply.swift in Sources */,
				E86E35B7213345770046E9F8 /* SQLiteQuery.swift in Sources */,
				E86E35BC213345770046E9F8 /* SQLiteWindow.swift in Sources */,
				E86E35B8213345770046E9F8 /* SQLiteQuery+NSValue.swift in Sources */,
				E86E35BB213345770046E9F8 /* SQLiteWindow+Schemas.swift in Sources */,
				E86E35BA213345770046E9F8 /* SQLiteTableViewDataSource.swift in Sources */,
				E805A6EC2139CBAF0047CBC6 /* TableViewSectionUpdater.swift in Sources */,
				E86E3597213246400046E9F8 /* SQLiteCollectionViewDatasource.swift in Sources */,
				E86E35B9213345770046E9F8 /* SQLiteSectionedTableViewDatasource.swift in Sources */,
				E86E35E121363C6E0046E9F8 /* WebSearchResultsUpdater.swift in Sources */,
				E86E35B2213345770046E9F8 /* SQLiteDecoder.swift in Sources */,
				E86E35B4213345770046E9F8 /* SQLiteRowDecoder.swift in Sources */,
				E86E35B5213345770046E9F8 /* SQLiteValueDecoder.swift in Sources */,
				E86E35B3213345770046E9F8 /* SQLiteQueryDecoder.swift in Sources */,
				E86E35B1213345770046E9F8 /* SQLiteDecoderFunctions.swift in Sources */,
				E86E35DB2135E0880046E9F8 /* LUNTabBarController.m in Sources */,
				E86C95EC213A2370007236C1 /* DuckDuckGoResultsUpdater.swift in Sources */,
				E805A6EE2139CE2B0047CBC6 /* SearchResultsTableViewUpdater.swift in Sources */,
				E86E35DC2135E0880046E9F8 /* LUNTabBarAnimationController.m in Sources */,
				E86E35DF2135E8AC0046E9F8 /* ApplicationTabBarController.m in Sources */,
				E8D52CA52127D2D6003BE5CC /* ApplicationDelegate.swift in Sources */,
				E86E35A121332A530046E9F8 /* DateLabel.swift in Sources */,
				E86E359B21324B550046E9F8 /* TintedLabel.swift in Sources */,
				E86E359921324B2A0046E9F8 /* UIImageViewAligned.swift in Sources */,
				E86E3595213243090046E9F8 /* UIView+IBDesignable.swift in Sources */,
				E86E359F21325DBA0046E9F8 /* UICollectionView+AutoSizing.swift in Sources */,
				E86E35D02134F1390046E9F8 /* SearchControllerNavigationItem.swift in Sources */,
			);
			runOnlyForDeploymentPostprocessing = 0;
		};
/* End PBXSourcesBuildPhase section */

/* Begin PBXVariantGroup section */
		E86E35BD213484130046E9F8 /* Tabs.storyboard */ = {
			isa = PBXVariantGroup;
			children = (
				E86E35BE213484130046E9F8 /* Base */,
			);
			name = Tabs.storyboard;
			sourceTree = "<group>";
		};
		E86E35C02134849C0046E9F8 /* Resume.storyboard */ = {
			isa = PBXVariantGroup;
			children = (
				E86E35C12134849C0046E9F8 /* Base */,
			);
			name = Resume.storyboard;
			sourceTree = "<group>";
		};
		E86E35C3213485130046E9F8 /* Browse.storyboard */ = {
			isa = PBXVariantGroup;
			children = (
				E86E35C4213485130046E9F8 /* Base */,
			);
			name = Browse.storyboard;
			sourceTree = "<group>";
		};
		E86E35C62134862A0046E9F8 /* Search.storyboard */ = {
			isa = PBXVariantGroup;
			children = (
				E86E35C72134862A0046E9F8 /* Base */,
			);
			name = Search.storyboard;
			sourceTree = "<group>";
		};
		E86E35C92134863F0046E9F8 /* Shortcuts.storyboard */ = {
			isa = PBXVariantGroup;
			children = (
				E86E35CA2134863F0046E9F8 /* Base */,
			);
			name = Shortcuts.storyboard;
			sourceTree = "<group>";
		};
		E8D52CA82127D2D6003BE5CC /* Main.storyboard */ = {
			isa = PBXVariantGroup;
			children = (
				E8D52CA92127D2D6003BE5CC /* Base */,
			);
			name = Main.storyboard;
			sourceTree = "<group>";
		};
		E8D52CAD2127D2D7003BE5CC /* LaunchScreen.storyboard */ = {
			isa = PBXVariantGroup;
			children = (
				E8D52CAE2127D2D7003BE5CC /* Base */,
			);
			name = LaunchScreen.storyboard;
			sourceTree = "<group>";
		};
/* End PBXVariantGroup section */

/* Begin XCBuildConfiguration section */
		E8D52CB12127D2D7003BE5CC /* Debug */ = {
			isa = XCBuildConfiguration;
			buildSettings = {
				ALWAYS_SEARCH_USER_PATHS = NO;
				CLANG_ANALYZER_NONNULL = YES;
				CLANG_ANALYZER_NUMBER_OBJECT_CONVERSION = YES_AGGRESSIVE;
				CLANG_CXX_LANGUAGE_STANDARD = "gnu++14";
				CLANG_CXX_LIBRARY = "libc++";
				CLANG_ENABLE_MODULES = YES;
				CLANG_ENABLE_OBJC_ARC = YES;
				CLANG_ENABLE_OBJC_WEAK = YES;
				CLANG_WARN_BLOCK_CAPTURE_AUTORELEASING = YES;
				CLANG_WARN_BOOL_CONVERSION = YES;
				CLANG_WARN_COMMA = YES;
				CLANG_WARN_CONSTANT_CONVERSION = YES;
				CLANG_WARN_DEPRECATED_OBJC_IMPLEMENTATIONS = YES;
				CLANG_WARN_DIRECT_OBJC_ISA_USAGE = YES_ERROR;
				CLANG_WARN_DOCUMENTATION_COMMENTS = YES;
				CLANG_WARN_EMPTY_BODY = YES;
				CLANG_WARN_ENUM_CONVERSION = YES;
				CLANG_WARN_INFINITE_RECURSION = YES;
				CLANG_WARN_INT_CONVERSION = YES;
				CLANG_WARN_NON_LITERAL_NULL_CONVERSION = YES;
				CLANG_WARN_OBJC_IMPLICIT_RETAIN_SELF = YES;
				CLANG_WARN_OBJC_LITERAL_CONVERSION = YES;
				CLANG_WARN_OBJC_ROOT_CLASS = YES_ERROR;
				CLANG_WARN_RANGE_LOOP_ANALYSIS = YES;
				CLANG_WARN_STRICT_PROTOTYPES = YES;
				CLANG_WARN_SUSPICIOUS_MOVE = YES;
				CLANG_WARN_UNGUARDED_AVAILABILITY = YES_AGGRESSIVE;
				CLANG_WARN_UNREACHABLE_CODE = YES;
				CLANG_WARN__DUPLICATE_METHOD_MATCH = YES;
				CODE_SIGN_IDENTITY = "iPhone Developer";
				COPY_PHASE_STRIP = NO;
				DEBUG_INFORMATION_FORMAT = dwarf;
				ENABLE_STRICT_OBJC_MSGSEND = YES;
				ENABLE_TESTABILITY = YES;
				GCC_C_LANGUAGE_STANDARD = gnu11;
				GCC_DYNAMIC_NO_PIC = NO;
				GCC_NO_COMMON_BLOCKS = YES;
				GCC_OPTIMIZATION_LEVEL = 0;
				GCC_PREPROCESSOR_DEFINITIONS = (
					"DEBUG=1",
					"$(inherited)",
				);
				GCC_WARN_64_TO_32_BIT_CONVERSION = YES;
				GCC_WARN_ABOUT_RETURN_TYPE = YES_ERROR;
				GCC_WARN_UNDECLARED_SELECTOR = YES;
				GCC_WARN_UNINITIALIZED_AUTOS = YES_AGGRESSIVE;
				GCC_WARN_UNUSED_FUNCTION = YES;
				GCC_WARN_UNUSED_VARIABLE = YES;
				IPHONEOS_DEPLOYMENT_TARGET = 11.4;
				MTL_ENABLE_DEBUG_INFO = YES;
				ONLY_ACTIVE_ARCH = YES;
				SDKROOT = iphoneos;
				SWIFT_ACTIVE_COMPILATION_CONDITIONS = DEBUG;
				SWIFT_OPTIMIZATION_LEVEL = "-Onone";
			};
			name = Debug;
		};
		E8D52CB22127D2D7003BE5CC /* Release */ = {
			isa = XCBuildConfiguration;
			buildSettings = {
				ALWAYS_SEARCH_USER_PATHS = NO;
				CLANG_ANALYZER_NONNULL = YES;
				CLANG_ANALYZER_NUMBER_OBJECT_CONVERSION = YES_AGGRESSIVE;
				CLANG_CXX_LANGUAGE_STANDARD = "gnu++14";
				CLANG_CXX_LIBRARY = "libc++";
				CLANG_ENABLE_MODULES = YES;
				CLANG_ENABLE_OBJC_ARC = YES;
				CLANG_ENABLE_OBJC_WEAK = YES;
				CLANG_WARN_BLOCK_CAPTURE_AUTORELEASING = YES;
				CLANG_WARN_BOOL_CONVERSION = YES;
				CLANG_WARN_COMMA = YES;
				CLANG_WARN_CONSTANT_CONVERSION = YES;
				CLANG_WARN_DEPRECATED_OBJC_IMPLEMENTATIONS = YES;
				CLANG_WARN_DIRECT_OBJC_ISA_USAGE = YES_ERROR;
				CLANG_WARN_DOCUMENTATION_COMMENTS = YES;
				CLANG_WARN_EMPTY_BODY = YES;
				CLANG_WARN_ENUM_CONVERSION = YES;
				CLANG_WARN_INFINITE_RECURSION = YES;
				CLANG_WARN_INT_CONVERSION = YES;
				CLANG_WARN_NON_LITERAL_NULL_CONVERSION = YES;
				CLANG_WARN_OBJC_IMPLICIT_RETAIN_SELF = YES;
				CLANG_WARN_OBJC_LITERAL_CONVERSION = YES;
				CLANG_WARN_OBJC_ROOT_CLASS = YES_ERROR;
				CLANG_WARN_RANGE_LOOP_ANALYSIS = YES;
				CLANG_WARN_STRICT_PROTOTYPES = YES;
				CLANG_WARN_SUSPICIOUS_MOVE = YES;
				CLANG_WARN_UNGUARDED_AVAILABILITY = YES_AGGRESSIVE;
				CLANG_WARN_UNREACHABLE_CODE = YES;
				CLANG_WARN__DUPLICATE_METHOD_MATCH = YES;
				CODE_SIGN_IDENTITY = "iPhone Developer";
				COPY_PHASE_STRIP = NO;
				DEBUG_INFORMATION_FORMAT = "dwarf-with-dsym";
				ENABLE_NS_ASSERTIONS = NO;
				ENABLE_STRICT_OBJC_MSGSEND = YES;
				GCC_C_LANGUAGE_STANDARD = gnu11;
				GCC_NO_COMMON_BLOCKS = YES;
				GCC_WARN_64_TO_32_BIT_CONVERSION = YES;
				GCC_WARN_ABOUT_RETURN_TYPE = YES_ERROR;
				GCC_WARN_UNDECLARED_SELECTOR = YES;
				GCC_WARN_UNINITIALIZED_AUTOS = YES_AGGRESSIVE;
				GCC_WARN_UNUSED_FUNCTION = YES;
				GCC_WARN_UNUSED_VARIABLE = YES;
				IPHONEOS_DEPLOYMENT_TARGET = 11.4;
				MTL_ENABLE_DEBUG_INFO = NO;
				SDKROOT = iphoneos;
				SWIFT_COMPILATION_MODE = wholemodule;
				SWIFT_OPTIMIZATION_LEVEL = "-O";
				VALIDATE_PRODUCT = YES;
			};
			name = Release;
		};
		E8D52CB42127D2D7003BE5CC /* Debug */ = {
			isa = XCBuildConfiguration;
			buildSettings = {
				ASSETCATALOG_COMPILER_APPICON_NAME = AppIcon;
				CLANG_ENABLE_MODULES = YES;
				CODE_SIGN_IDENTITY = "iPhone Developer";
				CODE_SIGN_STYLE = Automatic;
				DEVELOPMENT_TEAM = "";
				HEADER_SEARCH_PATHS = $SRCROOT;
				INFOPLIST_FILE = Application/Info.plist;
				IPHONEOS_DEPLOYMENT_TARGET = 11.2;
				LD_RUNPATH_SEARCH_PATHS = (
					"$(inherited)",
					"@executable_path/Frameworks",
				);
				PRODUCT_BUNDLE_IDENTIFIER = com.github.bwoods.MVVM;
				PRODUCT_NAME = "$(TARGET_NAME)";
				PROVISIONING_PROFILE_SPECIFIER = "";
				SWIFT_OBJC_BRIDGING_HEADER = Application/ApplicationBridging.h;
				SWIFT_OPTIMIZATION_LEVEL = "-Onone";
				SWIFT_VERSION = 4.0;
				TARGETED_DEVICE_FAMILY = "1,2";
			};
			name = Debug;
		};
		E8D52CB52127D2D7003BE5CC /* Release */ = {
			isa = XCBuildConfiguration;
			buildSettings = {
				ASSETCATALOG_COMPILER_APPICON_NAME = AppIcon;
				CLANG_ENABLE_MODULES = YES;
				CODE_SIGN_IDENTITY = "iPhone Developer";
				CODE_SIGN_STYLE = Automatic;
				DEVELOPMENT_TEAM = "";
				HEADER_SEARCH_PATHS = $SRCROOT;
				INFOPLIST_FILE = Application/Info.plist;
				IPHONEOS_DEPLOYMENT_TARGET = 11.2;
				LD_RUNPATH_SEARCH_PATHS = (
					"$(inherited)",
					"@executable_path/Frameworks",
				);
				PRODUCT_BUNDLE_IDENTIFIER = com.github.bwoods.MVVM;
				PRODUCT_NAME = "$(TARGET_NAME)";
				PROVISIONING_PROFILE_SPECIFIER = "";
				SWIFT_OBJC_BRIDGING_HEADER = Application/ApplicationBridging.h;
				SWIFT_VERSION = 4.0;
				TARGETED_DEVICE_FAMILY = "1,2";
			};
			name = Release;
		};
/* End XCBuildConfiguration section */

/* Begin XCConfigurationList section */
		E8D52C9C2127D2D6003BE5CC /* Build configuration list for PBXProject "Application" */ = {
			isa = XCConfigurationList;
			buildConfigurations = (
				E8D52CB12127D2D7003BE5CC /* Debug */,
				E8D52CB22127D2D7003BE5CC /* Release */,
			);
			defaultConfigurationIsVisible = 0;
			defaultConfigurationName = Release;
		};
		E8D52CB32127D2D7003BE5CC /* Build configuration list for PBXNativeTarget "MVVM" */ = {
			isa = XCConfigurationList;
			buildConfigurations = (
				E8D52CB42127D2D7003BE5CC /* Debug */,
				E8D52CB52127D2D7003BE5CC /* Release */,
			);
			defaultConfigurationIsVisible = 0;
			defaultConfigurationName = Release;
		};
/* End XCConfigurationList section */
	};
	rootObject = E8D52C992127D2D6003BE5CC /* Project object */;
}
